
Microsoft Visual Studio Solution File, Format Version 12.00
# Visual Studio Version 17
VisualStudioVersion = 17.4.33213.308
MinimumVisualStudioVersion = 10.0.40219.1
Project("{9A19103F-16F7-4668-BE54-9A1E7A4F7556}") = "SystemExplorer", "SystemExplorerCore\SystemExplorer.csproj", "{B1F1AAA6-332F-4654-8747-9953E6C862CA}"
EndProject
Project("{9A19103F-16F7-4668-BE54-9A1E7A4F7556}") = "SystemExplorer.Desktop", "SystemExplorerCore.Desktop\SystemExplorer.Desktop.csproj", "{679CFE51-2424-460B-96F7-5FF0DC9B1491}"
EndProject
Global
	GlobalSection(SolutionConfigurationPlatforms) = preSolution
		Debug|Any CPU = Debug|Any CPU
		Release|Any CPU = Release|Any CPU
	EndGlobalSection
	GlobalSection(ProjectConfigurationPlatforms) = postSolution
		{B1F1AAA6-332F-4654-8747-9953E6C862CA}.Debug|Any CPU.ActiveCfg = Debug|Any CPU
		{B1F1AAA6-332F-4654-8747-9953E6C862CA}.Debug|Any CPU.Build.0 = Debug|Any CPU
		{B1F1AAA6-332F-4654-8747-9953E6C862CA}.Release|Any CPU.ActiveCfg = Release|Any CPU
		{B1F1AAA6-332F-4654-8747-9953E6C862CA}.Release|Any CPU.Build.0 = Release|Any CPU
		{679CFE51-2424-460B-96F7-5FF0DC9B1491}.Debug|Any CPU.ActiveCfg = Debug|Any CPU
		{679CFE51-2424-460B-96F7-5FF0DC9B1491}.Debug|Any CPU.Build.0 = Debug|Any CPU
		{679CFE51-2424-460B-96F7-5FF0DC9B1491}.Release|Any CPU.ActiveCfg = Release|Any CPU
		{679CFE51-2424-460B-96F7-5FF0DC9B1491}.Release|Any CPU.Build.0 = Release|Any CPU
	EndGlobalSection
	GlobalSection(SolutionProperties) = preSolution
		HideSolutionNode = FALSE
	EndGlobalSection
	GlobalSection(ExtensibilityGlobals) = postSolution
		SolutionGuid = {3364BC6C-7B19-48B0-A780-8C986794D62A}
	EndGlobalSection
EndGlobal
